
Microsoft Visual Studio Solution File, Format Version 12.00
# Visual Studio Version 16
VisualStudioVersion = 25.0.1704.2
MinimumVisualStudioVersion = 10.0.40219.1
Project("{FAE04EC0-301F-11D3-BF4B-00C04F79EFBC}") = "Airship.Net.Android.Core", "binderator\generated\Airship.Net.Android.Core\Airship.Net.Android.Core.csproj", "{BC06FD4D-9116-49FF-AF27-B3C5E7E10125}"
EndProject
Project("{FAE04EC0-301F-11D3-BF4B-00C04F79EFBC}") = "Airship.Net.Android.Adm", "binderator\generated\Airship.Net.Android.Adm\Airship.Net.Android.Adm.csproj", "{DCD3C3FE-6B8D-463E-850E-27BC8A3F0470}"
EndProject
Project("{FAE04EC0-301F-11D3-BF4B-00C04F79EFBC}") = "Airship.Net.Android.Layout", "binderator\generated\Airship.Net.Android.Layout\Airship.Net.Android.Layout.csproj", "{2F36FE2F-A1F6-4762-B6FB-6ADDB16C7A5B}"
EndProject
Project("{FAE04EC0-301F-11D3-BF4B-00C04F79EFBC}") = "Airship.Net.Android.Automation", "binderator\generated\Airship.Net.Android.Automation\Airship.Net.Android.Automation.csproj", "{58478FE8-9760-40C3-9016-9435564C011E}"
EndProject
Project("{FAE04EC0-301F-11D3-BF4B-00C04F79EFBC}") = "Airship.Net.Android.Fcm", "binderator\generated\Airship.Net.Android.Fcm\Airship.Net.Android.Fcm.csproj", "{82685167-9AAB-4CFF-B686-9D678B54297F}"
EndProject
Project("{FAE04EC0-301F-11D3-BF4B-00C04F79EFBC}") = "Airship.Net.Android.MessageCenter", "binderator\generated\Airship.Net.Android.MessageCenter\Airship.Net.Android.MessageCenter.csproj", "{107BE8E5-E5FB-461E-B812-97834B04B5EA}"
EndProject
Project("{FAE04EC0-301F-11D3-BF4B-00C04F79EFBC}") = "Airship.Net.Android.PreferenceCenter", "binderator\generated\Airship.Net.Android.PreferenceCenter\Airship.Net.Android.PreferenceCenter.csproj", "{E99F9D88-6E68-46D8-9A8A-651C8490E59C}"
EndProject
Project("{FAE04EC0-301F-11D3-BF4B-00C04F79EFBC}") = "AirshipBindings.iOS.ObjectiveC", "src\AirshipBindings.iOS.ObjectiveC\AirshipBindings.iOS.ObjectiveC.csproj", "{5E85A7FD-8C42-4DE6-B002-E3CC2DA529C7}"
EndProject
Project("{FAE04EC0-301F-11D3-BF4B-00C04F79EFBC}") = "Airship.Net", "src\Airship.Net\Airship.Net.csproj", "{C419463A-31A8-477B-A99E-1B0947AA416B}"
EndProject
Project("{2150E333-8FDC-42A3-9474-1A3956D46DE8}") = "Solution Items", "Solution Items", "{F4B616B3-15BA-45DB-AA24-97270963158F}"
EndProject
Project("{FAE04EC0-301F-11D3-BF4B-00C04F79EFBC}") = "Airship.Net.MessageCenter", "src\Airship.Net.MessageCenter\Airship.Net.MessageCenter.csproj", "{F429D476-7186-4C55-A5B6-60FA62215E78}"
EndProject
Project("{2150E333-8FDC-42A3-9474-1A3956D46DE8}") = "src", "src", "{827E0CD3-B72D-47B6-A68D-7590B98EB39B}"
EndProject
Project("{FAE04EC0-301F-11D3-BF4B-00C04F79EFBC}") = "Airship.Net.Embedded", "src\Airship.Net.Embedded\Airship.Net.Embedded.csproj", "{1690F438-7CE3-41D9-A1AD-9B4AD6CD1D53}"
EndProject
Global
	GlobalSection(SolutionConfigurationPlatforms) = preSolution
		Debug|Any CPU = Debug|Any CPU
		Debug|x64 = Debug|x64
		Debug|x86 = Debug|x86
		Release|Any CPU = Release|Any CPU
		Release|x64 = Release|x64
		Release|x86 = Release|x86
	EndGlobalSection
	GlobalSection(ProjectConfigurationPlatforms) = postSolution
		{BC06FD4D-9116-49FF-AF27-B3C5E7E10125}.Debug|Any CPU.ActiveCfg = Debug|Any CPU
		{BC06FD4D-9116-49FF-AF27-B3C5E7E10125}.Debug|Any CPU.Build.0 = Debug|Any CPU
		{BC06FD4D-9116-49FF-AF27-B3C5E7E10125}.Debug|x64.ActiveCfg = Debug|Any CPU
		{BC06FD4D-9116-49FF-AF27-B3C5E7E10125}.Debug|x64.Build.0 = Debug|Any CPU
		{BC06FD4D-9116-49FF-AF27-B3C5E7E10125}.Debug|x86.ActiveCfg = Debug|Any CPU
		{BC06FD4D-9116-49FF-AF27-B3C5E7E10125}.Debug|x86.Build.0 = Debug|Any CPU
		{BC06FD4D-9116-49FF-AF27-B3C5E7E10125}.Release|Any CPU.ActiveCfg = Release|Any CPU
		{BC06FD4D-9116-49FF-AF27-B3C5E7E10125}.Release|Any CPU.Build.0 = Release|Any CPU
		{BC06FD4D-9116-49FF-AF27-B3C5E7E10125}.Release|x64.ActiveCfg = Release|Any CPU
		{BC06FD4D-9116-49FF-AF27-B3C5E7E10125}.Release|x64.Build.0 = Release|Any CPU
		{BC06FD4D-9116-49FF-AF27-B3C5E7E10125}.Release|x86.ActiveCfg = Release|Any CPU
		{BC06FD4D-9116-49FF-AF27-B3C5E7E10125}.Release|x86.Build.0 = Release|Any CPU
		{DCD3C3FE-6B8D-463E-850E-27BC8A3F0470}.Debug|Any CPU.ActiveCfg = Debug|Any CPU
		{DCD3C3FE-6B8D-463E-850E-27BC8A3F0470}.Debug|Any CPU.Build.0 = Debug|Any CPU
		{DCD3C3FE-6B8D-463E-850E-27BC8A3F0470}.Debug|x64.ActiveCfg = Debug|Any CPU
		{DCD3C3FE-6B8D-463E-850E-27BC8A3F0470}.Debug|x64.Build.0 = Debug|Any CPU
		{DCD3C3FE-6B8D-463E-850E-27BC8A3F0470}.Debug|x86.ActiveCfg = Debug|Any CPU
		{DCD3C3FE-6B8D-463E-850E-27BC8A3F0470}.Debug|x86.Build.0 = Debug|Any CPU
		{DCD3C3FE-6B8D-463E-850E-27BC8A3F0470}.Release|Any CPU.ActiveCfg = Release|Any CPU
		{DCD3C3FE-6B8D-463E-850E-27BC8A3F0470}.Release|Any CPU.Build.0 = Release|Any CPU
		{DCD3C3FE-6B8D-463E-850E-27BC8A3F0470}.Release|x64.ActiveCfg = Release|Any CPU
		{DCD3C3FE-6B8D-463E-850E-27BC8A3F0470}.Release|x64.Build.0 = Release|Any CPU
		{DCD3C3FE-6B8D-463E-850E-27BC8A3F0470}.Release|x86.ActiveCfg = Release|Any CPU
		{DCD3C3FE-6B8D-463E-850E-27BC8A3F0470}.Release|x86.Build.0 = Release|Any CPU
		{2F36FE2F-A1F6-4762-B6FB-6ADDB16C7A5B}.Debug|Any CPU.ActiveCfg = Debug|Any CPU
		{2F36FE2F-A1F6-4762-B6FB-6ADDB16C7A5B}.Debug|Any CPU.Build.0 = Debug|Any CPU
		{2F36FE2F-A1F6-4762-B6FB-6ADDB16C7A5B}.Debug|x64.ActiveCfg = Debug|Any CPU
		{2F36FE2F-A1F6-4762-B6FB-6ADDB16C7A5B}.Debug|x64.Build.0 = Debug|Any CPU
		{2F36FE2F-A1F6-4762-B6FB-6ADDB16C7A5B}.Debug|x86.ActiveCfg = Debug|Any CPU
		{2F36FE2F-A1F6-4762-B6FB-6ADDB16C7A5B}.Debug|x86.Build.0 = Debug|Any CPU
		{2F36FE2F-A1F6-4762-B6FB-6ADDB16C7A5B}.Release|Any CPU.ActiveCfg = Release|Any CPU
		{2F36FE2F-A1F6-4762-B6FB-6ADDB16C7A5B}.Release|Any CPU.Build.0 = Release|Any CPU
		{2F36FE2F-A1F6-4762-B6FB-6ADDB16C7A5B}.Release|x64.ActiveCfg = Release|Any CPU
		{2F36FE2F-A1F6-4762-B6FB-6ADDB16C7A5B}.Release|x64.Build.0 = Release|Any CPU
		{2F36FE2F-A1F6-4762-B6FB-6ADDB16C7A5B}.Release|x86.ActiveCfg = Release|Any CPU
		{2F36FE2F-A1F6-4762-B6FB-6ADDB16C7A5B}.Release|x86.Build.0 = Release|Any CPU
		{58478FE8-9760-40C3-9016-9435564C011E}.Debug|Any CPU.ActiveCfg = Debug|Any CPU
		{58478FE8-9760-40C3-9016-9435564C011E}.Debug|Any CPU.Build.0 = Debug|Any CPU
		{58478FE8-9760-40C3-9016-9435564C011E}.Debug|x64.ActiveCfg = Debug|Any CPU
		{58478FE8-9760-40C3-9016-9435564C011E}.Debug|x64.Build.0 = Debug|Any CPU
		{58478FE8-9760-40C3-9016-9435564C011E}.Debug|x86.ActiveCfg = Debug|Any CPU
		{58478FE8-9760-40C3-9016-9435564C011E}.Debug|x86.Build.0 = Debug|Any CPU
		{58478FE8-9760-40C3-9016-9435564C011E}.Release|Any CPU.ActiveCfg = Release|Any CPU
		{58478FE8-9760-40C3-9016-9435564C011E}.Release|Any CPU.Build.0 = Release|Any CPU
		{58478FE8-9760-40C3-9016-9435564C011E}.Release|x64.ActiveCfg = Release|Any CPU
		{58478FE8-9760-40C3-9016-9435564C011E}.Release|x64.Build.0 = Release|Any CPU
		{58478FE8-9760-40C3-9016-9435564C011E}.Release|x86.ActiveCfg = Release|Any CPU
		{58478FE8-9760-40C3-9016-9435564C011E}.Release|x86.Build.0 = Release|Any CPU
		{82685167-9AAB-4CFF-B686-9D678B54297F}.Debug|Any CPU.ActiveCfg = Debug|Any CPU
		{82685167-9AAB-4CFF-B686-9D678B54297F}.Debug|Any CPU.Build.0 = Debug|Any CPU
		{82685167-9AAB-4CFF-B686-9D678B54297F}.Debug|x64.ActiveCfg = Debug|Any CPU
		{82685167-9AAB-4CFF-B686-9D678B54297F}.Debug|x64.Build.0 = Debug|Any CPU
		{82685167-9AAB-4CFF-B686-9D678B54297F}.Debug|x86.ActiveCfg = Debug|Any CPU
		{82685167-9AAB-4CFF-B686-9D678B54297F}.Debug|x86.Build.0 = Debug|Any CPU
		{82685167-9AAB-4CFF-B686-9D678B54297F}.Release|Any CPU.ActiveCfg = Release|Any CPU
		{82685167-9AAB-4CFF-B686-9D678B54297F}.Release|Any CPU.Build.0 = Release|Any CPU
		{82685167-9AAB-4CFF-B686-9D678B54297F}.Release|x64.ActiveCfg = Release|Any CPU
		{82685167-9AAB-4CFF-B686-9D678B54297F}.Release|x64.Build.0 = Release|Any CPU
		{82685167-9AAB-4CFF-B686-9D678B54297F}.Release|x86.ActiveCfg = Release|Any CPU
		{82685167-9AAB-4CFF-B686-9D678B54297F}.Release|x86.Build.0 = Release|Any CPU
		{107BE8E5-E5FB-461E-B812-97834B04B5EA}.Debug|Any CPU.ActiveCfg = Debug|Any CPU
		{107BE8E5-E5FB-461E-B812-97834B04B5EA}.Debug|Any CPU.Build.0 = Debug|Any CPU
		{107BE8E5-E5FB-461E-B812-97834B04B5EA}.Debug|x64.ActiveCfg = Debug|Any CPU
		{107BE8E5-E5FB-461E-B812-97834B04B5EA}.Debug|x64.Build.0 = Debug|Any CPU
		{107BE8E5-E5FB-461E-B812-97834B04B5EA}.Debug|x86.ActiveCfg = Debug|Any CPU
		{107BE8E5-E5FB-461E-B812-97834B04B5EA}.Debug|x86.Build.0 = Debug|Any CPU
		{107BE8E5-E5FB-461E-B812-97834B04B5EA}.Release|Any CPU.ActiveCfg = Release|Any CPU
		{107BE8E5-E5FB-461E-B812-97834B04B5EA}.Release|Any CPU.Build.0 = Release|Any CPU
		{107BE8E5-E5FB-461E-B812-97834B04B5EA}.Release|x64.ActiveCfg = Release|Any CPU
		{107BE8E5-E5FB-461E-B812-97834B04B5EA}.Release|x64.Build.0 = Release|Any CPU
		{107BE8E5-E5FB-461E-B812-97834B04B5EA}.Release|x86.ActiveCfg = Release|Any CPU
		{107BE8E5-E5FB-461E-B812-97834B04B5EA}.Release|x86.Build.0 = Release|Any CPU
		{E99F9D88-6E68-46D8-9A8A-651C8490E59C}.Debug|Any CPU.ActiveCfg = Debug|Any CPU
		{E99F9D88-6E68-46D8-9A8A-651C8490E59C}.Debug|Any CPU.Build.0 = Debug|Any CPU
		{E99F9D88-6E68-46D8-9A8A-651C8490E59C}.Debug|x64.ActiveCfg = Debug|Any CPU
		{E99F9D88-6E68-46D8-9A8A-651C8490E59C}.Debug|x64.Build.0 = Debug|Any CPU
		{E99F9D88-6E68-46D8-9A8A-651C8490E59C}.Debug|x86.ActiveCfg = Debug|Any CPU
		{E99F9D88-6E68-46D8-9A8A-651C8490E59C}.Debug|x86.Build.0 = Debug|Any CPU
		{E99F9D88-6E68-46D8-9A8A-651C8490E59C}.Release|Any CPU.ActiveCfg = Release|Any CPU
		{E99F9D88-6E68-46D8-9A8A-651C8490E59C}.Release|Any CPU.Build.0 = Release|Any CPU
		{E99F9D88-6E68-46D8-9A8A-651C8490E59C}.Release|x64.ActiveCfg = Release|Any CPU
		{E99F9D88-6E68-46D8-9A8A-651C8490E59C}.Release|x64.Build.0 = Release|Any CPU
		{E99F9D88-6E68-46D8-9A8A-651C8490E59C}.Release|x86.ActiveCfg = Release|Any CPU
		{E99F9D88-6E68-46D8-9A8A-651C8490E59C}.Release|x86.Build.0 = Release|Any CPU
		{5E85A7FD-8C42-4DE6-B002-E3CC2DA529C7}.Debug|Any CPU.ActiveCfg = Debug|Any CPU
		{5E85A7FD-8C42-4DE6-B002-E3CC2DA529C7}.Debug|Any CPU.Build.0 = Debug|Any CPU
		{5E85A7FD-8C42-4DE6-B002-E3CC2DA529C7}.Debug|x64.ActiveCfg = Debug|Any CPU
		{5E85A7FD-8C42-4DE6-B002-E3CC2DA529C7}.Debug|x64.Build.0 = Debug|Any CPU
		{5E85A7FD-8C42-4DE6-B002-E3CC2DA529C7}.Debug|x86.ActiveCfg = Debug|Any CPU
		{5E85A7FD-8C42-4DE6-B002-E3CC2DA529C7}.Debug|x86.Build.0 = Debug|Any CPU
		{5E85A7FD-8C42-4DE6-B002-E3CC2DA529C7}.Release|Any CPU.ActiveCfg = Release|Any CPU
		{5E85A7FD-8C42-4DE6-B002-E3CC2DA529C7}.Release|Any CPU.Build.0 = Release|Any CPU
		{5E85A7FD-8C42-4DE6-B002-E3CC2DA529C7}.Release|x64.ActiveCfg = Release|Any CPU
		{5E85A7FD-8C42-4DE6-B002-E3CC2DA529C7}.Release|x64.Build.0 = Release|Any CPU
		{5E85A7FD-8C42-4DE6-B002-E3CC2DA529C7}.Release|x86.ActiveCfg = Release|Any CPU
		{5E85A7FD-8C42-4DE6-B002-E3CC2DA529C7}.Release|x86.Build.0 = Release|Any CPU
		{C419463A-31A8-477B-A99E-1B0947AA416B}.Debug|Any CPU.ActiveCfg = Debug|Any CPU
		{C419463A-31A8-477B-A99E-1B0947AA416B}.Debug|Any CPU.Build.0 = Debug|Any CPU
		{C419463A-31A8-477B-A99E-1B0947AA416B}.Debug|x64.ActiveCfg = Debug|Any CPU
		{C419463A-31A8-477B-A99E-1B0947AA416B}.Debug|x64.Build.0 = Debug|Any CPU
		{C419463A-31A8-477B-A99E-1B0947AA416B}.Debug|x86.ActiveCfg = Debug|Any CPU
		{C419463A-31A8-477B-A99E-1B0947AA416B}.Debug|x86.Build.0 = Debug|Any CPU
		{C419463A-31A8-477B-A99E-1B0947AA416B}.Release|Any CPU.ActiveCfg = Release|Any CPU
		{C419463A-31A8-477B-A99E-1B0947AA416B}.Release|Any CPU.Build.0 = Release|Any CPU
		{C419463A-31A8-477B-A99E-1B0947AA416B}.Release|x64.ActiveCfg = Release|Any CPU
		{C419463A-31A8-477B-A99E-1B0947AA416B}.Release|x64.Build.0 = Release|Any CPU
		{C419463A-31A8-477B-A99E-1B0947AA416B}.Release|x86.ActiveCfg = Release|Any CPU
		{C419463A-31A8-477B-A99E-1B0947AA416B}.Release|x86.Build.0 = Release|Any CPU
		{F429D476-7186-4C55-A5B6-60FA62215E78}.Debug|Any CPU.ActiveCfg = Debug|Any CPU
		{F429D476-7186-4C55-A5B6-60FA62215E78}.Debug|Any CPU.Build.0 = Debug|Any CPU
		{F429D476-7186-4C55-A5B6-60FA62215E78}.Debug|x64.ActiveCfg = Debug|Any CPU
		{F429D476-7186-4C55-A5B6-60FA62215E78}.Debug|x64.Build.0 = Debug|Any CPU
		{F429D476-7186-4C55-A5B6-60FA62215E78}.Debug|x86.ActiveCfg = Debug|Any CPU
		{F429D476-7186-4C55-A5B6-60FA62215E78}.Debug|x86.Build.0 = Debug|Any CPU
		{F429D476-7186-4C55-A5B6-60FA62215E78}.Release|Any CPU.ActiveCfg = Release|Any CPU
		{F429D476-7186-4C55-A5B6-60FA62215E78}.Release|Any CPU.Build.0 = Release|Any CPU
		{F429D476-7186-4C55-A5B6-60FA62215E78}.Release|x64.ActiveCfg = Release|Any CPU
		{F429D476-7186-4C55-A5B6-60FA62215E78}.Release|x64.Build.0 = Release|Any CPU
		{F429D476-7186-4C55-A5B6-60FA62215E78}.Release|x86.ActiveCfg = Release|Any CPU
		{F429D476-7186-4C55-A5B6-60FA62215E78}.Release|x86.Build.0 = Release|Any CPU
		{1690F438-7CE3-41D9-A1AD-9B4AD6CD1D53}.Debug|Any CPU.ActiveCfg = Debug|Any CPU
		{1690F438-7CE3-41D9-A1AD-9B4AD6CD1D53}.Debug|Any CPU.Build.0 = Debug|Any CPU
		{1690F438-7CE3-41D9-A1AD-9B4AD6CD1D53}.Debug|x64.ActiveCfg = Debug|Any CPU
		{1690F438-7CE3-41D9-A1AD-9B4AD6CD1D53}.Debug|x64.Build.0 = Debug|Any CPU
		{1690F438-7CE3-41D9-A1AD-9B4AD6CD1D53}.Debug|x86.ActiveCfg = Debug|Any CPU
		{1690F438-7CE3-41D9-A1AD-9B4AD6CD1D53}.Debug|x86.Build.0 = Debug|Any CPU
		{1690F438-7CE3-41D9-A1AD-9B4AD6CD1D53}.Release|Any CPU.ActiveCfg = Release|Any CPU
		{1690F438-7CE3-41D9-A1AD-9B4AD6CD1D53}.Release|Any CPU.Build.0 = Release|Any CPU
		{1690F438-7CE3-41D9-A1AD-9B4AD6CD1D53}.Release|x64.ActiveCfg = Release|Any CPU
		{1690F438-7CE3-41D9-A1AD-9B4AD6CD1D53}.Release|x64.Build.0 = Release|Any CPU
		{1690F438-7CE3-41D9-A1AD-9B4AD6CD1D53}.Release|x86.ActiveCfg = Release|Any CPU
		{1690F438-7CE3-41D9-A1AD-9B4AD6CD1D53}.Release|x86.Build.0 = Release|Any CPU
	EndGlobalSection
	GlobalSection(SolutionProperties) = preSolution
		HideSolutionNode = FALSE
	EndGlobalSection
	GlobalSection(NestedProjects) = preSolution
		{1690F438-7CE3-41D9-A1AD-9B4AD6CD1D53} = {827E0CD3-B72D-47B6-A68D-7590B98EB39B}
	EndGlobalSection
	GlobalSection(ExtensibilityGlobals) = postSolution
		SolutionGuid = {67DA44AF-AC13-48DB-BA36-A2EDED6269A6}
	EndGlobalSection
EndGlobal
